// !$*UTF8*$!
{
	archiveVersion = 1;
	classes = {
	};
	objectVersion = 50;
	objects = {

/* Begin PBXBuildFile section */
		18B597B425A96AEB00B1FF52 /* AppDelegate.m in Sources */ = {isa = PBXBuildFile; fileRef = 18B597B325A96AEB00B1FF52 /* AppDelegate.m */; };
		18B597B725A96AEB00B1FF52 /* SceneDelegate.m in Sources */ = {isa = PBXBuildFile; fileRef = 18B597B625A96AEB00B1FF52 /* SceneDelegate.m */; };
		18B597BA25A96AEB00B1FF52 /* ViewController.m in Sources */ = {isa = PBXBuildFile; fileRef = 18B597B925A96AEB00B1FF52 /* ViewController.m */; };
		18B597BD25A96AEB00B1FF52 /* Main.storyboard in Resources */ = {isa = PBXBuildFile; fileRef = 18B597BB25A96AEB00B1FF52 /* Main.storyboard */; };
		18B597BF25A96AEE00B1FF52 /* Assets.xcassets in Resources */ = {isa = PBXBuildFile; fileRef = 18B597BE25A96AEE00B1FF52 /* Assets.xcassets */; };
		18B597C225A96AEE00B1FF52 /* LaunchScreen.storyboard in Resources */ = {isa = PBXBuildFile; fileRef = 18B597C025A96AEE00B1FF52 /* LaunchScreen.storyboard */; };
		18B597C525A96AEE00B1FF52 /* main.m in Sources */ = {isa = PBXBuildFile; fileRef = 18B597C425A96AEE00B1FF52 /* main.m */; };
		18B597E225A96BA600B1FF52 /* Book.framework in Frameworks */ = {isa = PBXBuildFile; fileRef = 18B597E125A96BA600B1FF52 /* Book.framework */; };
		18B597E325A96BA600B1FF52 /* Book.framework in Embed Frameworks */ = {isa = PBXBuildFile; fileRef = 18B597E125A96BA600B1FF52 /* Book.framework */; settings = {ATTRIBUTES = (CodeSignOnCopy, RemoveHeadersOnCopy, ); }; };
		18B5981925A9705500B1FF52 /* Masonry.framework in Frameworks */ = {isa = PBXBuildFile; fileRef = 18B5981825A9705500B1FF52 /* Masonry.framework */; };
		18B5981A25A9705500B1FF52 /* Masonry.framework in Embed Frameworks */ = {isa = PBXBuildFile; fileRef = 18B5981825A9705500B1FF52 /* Masonry.framework */; settings = {ATTRIBUTES = (CodeSignOnCopy, RemoveHeadersOnCopy, ); }; };
/* End PBXBuildFile section */

/* Begin PBXCopyFilesBuildPhase section */
		18B597E425A96BA600B1FF52 /* Embed Frameworks */ = {
			isa = PBXCopyFilesBuildPhase;
			buildActionMask = 2147483647;
			dstPath = "";
			dstSubfolderSpec = 10;
			files = (
				18B5981A25A9705500B1FF52 /* Masonry.framework in Embed Frameworks */,
				18B597E325A96BA600B1FF52 /* Book.framework in Embed Frameworks */,
			);
			name = "Embed Frameworks";
			runOnlyForDeploymentPostprocessing = 0;
		};
/* End PBXCopyFilesBuildPhase section */

/* Begin PBXFileReference section */
		18B597AF25A96AEB00B1FF52 /* MainProject.app */ = {isa = PBXFileReference; explicitFileType = wrapper.application; includeInIndex = 0; path = MainProject.app; sourceTree = BUILT_PRODUCTS_DIR; };
		18B597B225A96AEB00B1FF52 /* AppDelegate.h */ = {isa = PBXFileReference; lastKnownFileType = sourcecode.c.h; path = AppDelegate.h; sourceTree = "<group>"; };
		18B597B325A96AEB00B1FF52 /* AppDelegate.m */ = {isa = PBXFileReference; lastKnownFileType = sourcecode.c.objc; path = AppDelegate.m; sourceTree = "<group>"; };
		18B597B525A96AEB00B1FF52 /* SceneDelegate.h */ = {isa = PBXFileReference; lastKnownFileType = sourcecode.c.h; path = SceneDelegate.h; sourceTree = "<group>"; };
		18B597B625A96AEB00B1FF52 /* SceneDelegate.m */ = {isa = PBXFileReference; lastKnownFileType = sourcecode.c.objc; path = SceneDelegate.m; sourceTree = "<group>"; };
		18B597B825A96AEB00B1FF52 /* ViewController.h */ = {isa = PBXFileReference; lastKnownFileType = sourcecode.c.h; path = ViewController.h; sourceTree = "<group>"; };
		18B597B925A96AEB00B1FF52 /* ViewController.m */ = {isa = PBXFileReference; lastKnownFileType = sourcecode.c.objc; path = ViewController.m; sourceTree = "<group>"; };
		18B597BC25A96AEB00B1FF52 /* Base */ = {isa = PBXFileReference; lastKnownFileType = file.storyboard; name = Base; path = Base.lproj/Main.storyboard; sourceTree = "<group>"; };
		18B597BE25A96AEE00B1FF52 /* Assets.xcassets */ = {isa = PBXFileReference; lastKnownFileType = folder.assetcatalog; path = Assets.xcassets; sourceTree = "<group>"; };
		18B597C125A96AEE00B1FF52 /* Base */ = {isa = PBXFileReference; lastKnownFileType = file.storyboard; name = Base; path = Base.lproj/LaunchScreen.storyboard; sourceTree = "<group>"; };
		18B597C325A96AEE00B1FF52 /* Info.plist */ = {isa = PBXFileReference; lastKnownFileType = text.plist.xml; path = Info.plist; sourceTree = "<group>"; };
		18B597C425A96AEE00B1FF52 /* main.m */ = {isa = PBXFileReference; lastKnownFileType = sourcecode.c.objc; path = main.m; sourceTree = "<group>"; };
		18B597E125A96BA600B1FF52 /* Book.framework */ = {isa = PBXFileReference; explicitFileType = wrapper.framework; path = Book.framework; sourceTree = BUILT_PRODUCTS_DIR; };
		18B5981525A9701700B1FF52 /* Masonry.framework */ = {isa = PBXFileReference; explicitFileType = wrapper.framework; path = Masonry.framework; sourceTree = BUILT_PRODUCTS_DIR; };
		18B5981825A9705500B1FF52 /* Masonry.framework */ = {isa = PBXFileReference; explicitFileType = wrapper.framework; path = Masonry.framework; sourceTree = BUILT_PRODUCTS_DIR; };
/* End PBXFileReference section */

/* Begin PBXFrameworksBuildPhase section */
		18B597AC25A96AEB00B1FF52 /* Frameworks */ = {
			isa = PBXFrameworksBuildPhase;
			buildActionMask = 2147483647;
			files = (
				18B5981925A9705500B1FF52 /* Masonry.framework in Frameworks */,
				18B597E225A96BA600B1FF52 /* Book.framework in Frameworks */,
			);
			runOnlyForDeploymentPostprocessing = 0;
		};
/* End PBXFrameworksBuildPhase section */

/* Begin PBXGroup section */
		18B597A625A96AEB00B1FF52 = {
			isa = PBXGroup;
			children = (
				18B597B125A96AEB00B1FF52 /* MainProject */,
				18B597B025A96AEB00B1FF52 /* Products */,
				18B597E025A96BA600B1FF52 /* Frameworks */,
			);
			sourceTree = "<group>";
		};
		18B597B025A96AEB00B1FF52 /* Products */ = {
			isa = PBXGroup;
			children = (
				18B597AF25A96AEB00B1FF52 /* MainProject.app */,
			);
			name = Products;
			sourceTree = "<group>";
		};
		18B597B125A96AEB00B1FF52 /* MainProject */ = {
			isa = PBXGroup;
			children = (
				18B597B225A96AEB00B1FF52 /* AppDelegate.h */,
				18B597B325A96AEB00B1FF52 /* AppDelegate.m */,
				18B597B525A96AEB00B1FF52 /* SceneDelegate.h */,
				18B597B625A96AEB00B1FF52 /* SceneDelegate.m */,
				18B597B825A96AEB00B1FF52 /* ViewController.h */,
				18B597B925A96AEB00B1FF52 /* ViewController.m */,
				18B597BB25A96AEB00B1FF52 /* Main.storyboard */,
				18B597BE25A96AEE00B1FF52 /* Assets.xcassets */,
				18B597C025A96AEE00B1FF52 /* LaunchScreen.storyboard */,
				18B597C325A96AEE00B1FF52 /* Info.plist */,
				18B597C425A96AEE00B1FF52 /* main.m */,
			);
			path = MainProject;
			sourceTree = "<group>";
		};
		18B597E025A96BA600B1FF52 /* Frameworks */ = {
			isa = PBXGroup;
			children = (
				18B5981525A9701700B1FF52 /* Masonry.framework */,
				18B5981825A9705500B1FF52 /* Masonry.framework */,
				18B597E125A96BA600B1FF52 /* Book.framework */,
			);
			name = Frameworks;
			sourceTree = "<group>";
		};
/* End PBXGroup section */

/* Begin PBXNativeTarget section */
		18B597AE25A96AEB00B1FF52 /* MainProject */ = {
			isa = PBXNativeTarget;
			buildConfigurationList = 18B597C825A96AEE00B1FF52 /* Build configuration list for PBXNativeTarget "MainProject" */;
			buildPhases = (
				18B597AB25A96AEB00B1FF52 /* Sources */,
				18B597AC25A96AEB00B1FF52 /* Frameworks */,
				18B597AD25A96AEB00B1FF52 /* Resources */,
				18B597E425A96BA600B1FF52 /* Embed Frameworks */,
			);
			buildRules = (
			);
			dependencies = (
			);
			name = MainProject;
			productName = MainProject;
			productReference = 18B597AF25A96AEB00B1FF52 /* MainProject.app */;
			productType = "com.apple.product-type.application";
		};
/* End PBXNativeTarget section */

/* Begin PBXProject section */
		18B597A725A96AEB00B1FF52 /* Project object */ = {
			isa = PBXProject;
			attributes = {
				LastUpgradeCheck = 1130;
				ORGANIZATIONNAME = "马大哈";
				TargetAttributes = {
					18B597AE25A96AEB00B1FF52 = {
						CreatedOnToolsVersion = 11.3.1;
					};
				};
			};
			buildConfigurationList = 18B597AA25A96AEB00B1FF52 /* Build configuration list for PBXProject "MainProject" */;
			compatibilityVersion = "Xcode 9.3";
			developmentRegion = en;
			hasScannedForEncodings = 0;
			knownRegions = (
				en,
				Base,
			);
			mainGroup = 18B597A625A96AEB00B1FF52;
			productRefGroup = 18B597B025A96AEB00B1FF52 /* Products */;
			projectDirPath = "";
			projectRoot = "";
			targets = (
				18B597AE25A96AEB00B1FF52 /* MainProject */,
			);
		};
/* End PBXProject section */

/* Begin PBXResourcesBuildPhase section */
		18B597AD25A96AEB00B1FF52 /* Resources */ = {
			isa = PBXResourcesBuildPhase;
			buildActionMask = 2147483647;
			files = (
				18B597C225A96AEE00B1FF52 /* LaunchScreen.storyboard in Resources */,
				18B597BF25A96AEE00B1FF52 /* Assets.xcassets in Resources */,
				18B597BD25A96AEB00B1FF52 /* Main.storyboard in Resources */,
			);
			runOnlyForDeploymentPostprocessing = 0;
		};
/* End PBXResourcesBuildPhase section */

/* Begin PBXSourcesBuildPhase section */
		18B597AB25A96AEB00B1FF52 /* Sources */ = {
			isa = PBXSourcesBuildPhase;
			buildActionMask = 2147483647;
			files = (
				18B597BA25A96AEB00B1FF52 /* ViewController.m in Sources */,
				18B597B425A96AEB00B1FF52 /* AppDelegate.m in Sources */,
				18B597C525A96AEE00B1FF52 /* main.m in Sources */,
				18B597B725A96AEB00B1FF52 /* SceneDelegate.m in Sources */,
			);
			runOnlyForDeploymentPostprocessing = 0;
		};
/* End PBXSourcesBuildPhase section */

/* Begin PBXVariantGroup section */
		18B597BB25A96AEB00B1FF52 /* Main.storyboard */ = {
			isa = PBXVariantGroup;
			children = (
				18B597BC25A96AEB00B1FF52 /* Base */,
			);
			name = Main.storyboard;
			sourceTree = "<group>";
		};
		18B597C025A96AEE00B1FF52 /* LaunchScreen.storyboard */ = {
			isa = PBXVariantGroup;
			children = (
				18B597C125A96AEE00B1FF52 /* Base */,
			);
			name = LaunchScreen.storyboard;
			sourceTree = "<group>";
		};
/* End PBXVariantGroup section */

/* Begin XCBuildConfiguration section */
		18B597C625A96AEE00B1FF52 /* Debug */ = {
			isa = XCBuildConfiguration;
			buildSettings = {
				ALWAYS_SEARCH_USER_PATHS = NO;
				CLANG_ANALYZER_NONNULL = YES;
				CLANG_ANALYZER_NUMBER_OBJECT_CONVERSION = YES_AGGRESSIVE;
				CLANG_CXX_LANGUAGE_STANDARD = "gnu++14";
				CLANG_CXX_LIBRARY = "libc++";
				CLANG_ENABLE_MODULES = YES;
				CLANG_ENABLE_OBJC_ARC = YES;
				CLANG_ENABLE_OBJC_WEAK = YES;
				CLANG_WARN_BLOCK_CAPTURE_AUTORELEASING = YES;
				CLANG_WARN_BOOL_CONVERSION = YES;
				CLANG_WARN_COMMA = YES;
				CLANG_WARN_CONSTANT_CONVERSION = YES;
				CLANG_WARN_DEPRECATED_OBJC_IMPLEMENTATIONS = YES;
				CLANG_WARN_DIRECT_OBJC_ISA_USAGE = YES_ERROR;
				CLANG_WARN_DOCUMENTATION_COMMENTS = YES;
				CLANG_WARN_EMPTY_BODY = YES;
				CLANG_WARN_ENUM_CONVERSION = YES;
				CLANG_WARN_INFINITE_RECURSION = YES;
				CLANG_WARN_INT_CONVERSION = YES;
				CLANG_WARN_NON_LITERAL_NULL_CONVERSION = YES;
				CLANG_WARN_OBJC_IMPLICIT_RETAIN_SELF = YES;
				CLANG_WARN_OBJC_LITERAL_CONVERSION = YES;
				CLANG_WARN_OBJC_ROOT_CLASS = YES_ERROR;
				CLANG_WARN_RANGE_LOOP_ANALYSIS = YES;
				CLANG_WARN_STRICT_PROTOTYPES = YES;
				CLANG_WARN_SUSPICIOUS_MOVE = YES;
				CLANG_WARN_UNGUARDED_AVAILABILITY = YES_AGGRESSIVE;
				CLANG_WARN_UNREACHABLE_CODE = YES;
				CLANG_WARN__DUPLICATE_METHOD_MATCH = YES;
				COPY_PHASE_STRIP = NO;
				DEBUG_INFORMATION_FORMAT = dwarf;
				ENABLE_STRICT_OBJC_MSGSEND = YES;
				ENABLE_TESTABILITY = YES;
				GCC_C_LANGUAGE_STANDARD = gnu11;
				GCC_DYNAMIC_NO_PIC = NO;
				GCC_NO_COMMON_BLOCKS = YES;
				GCC_OPTIMIZATION_LEVEL = 0;
				GCC_PREPROCESSOR_DEFINITIONS = (
					"DEBUG=1",
					"$(inherited)",
				);
				GCC_WARN_64_TO_32_BIT_CONVERSION = YES;
				GCC_WARN_ABOUT_RETURN_TYPE = YES_ERROR;
				GCC_WARN_UNDECLARED_SELECTOR = YES;
				GCC_WARN_UNINITIALIZED_AUTOS = YES_AGGRESSIVE;
				GCC_WARN_UNUSED_FUNCTION = YES;
				GCC_WARN_UNUSED_VARIABLE = YES;
				IPHONEOS_DEPLOYMENT_TARGET = 13.2;
				MTL_ENABLE_DEBUG_INFO = INCLUDE_SOURCE;
				MTL_FAST_MATH = YES;
				ONLY_ACTIVE_ARCH = YES;
				SDKROOT = iphoneos;
			};
			name = Debug;
		};
		18B597C725A96AEE00B1FF52 /* Release */ = {
			isa = XCBuildConfiguration;
			buildSettings = {
				ALWAYS_SEARCH_USER_PATHS = NO;
				CLANG_ANALYZER_NONNULL = YES;
				CLANG_ANALYZER_NUMBER_OBJECT_CONVERSION = YES_AGGRESSIVE;
				CLANG_CXX_LANGUAGE_STANDARD = "gnu++14";
				CLANG_CXX_LIBRARY = "libc++";
				CLANG_ENABLE_MODULES = YES;
				CLANG_ENABLE_OBJC_ARC = YES;
				CLANG_ENABLE_OBJC_WEAK = YES;
				CLANG_WARN_BLOCK_CAPTURE_AUTORELEASING = YES;
				CLANG_WARN_BOOL_CONVERSION = YES;
				CLANG_WARN_COMMA = YES;
				CLANG_WARN_CONSTANT_CONVERSION = YES;
				CLANG_WARN_DEPRECATED_OBJC_IMPLEMENTATIONS = YES;
				CLANG_WARN_DIRECT_OBJC_ISA_USAGE = YES_ERROR;
				CLANG_WARN_DOCUMENTATION_COMMENTS = YES;
				CLANG_WARN_EMPTY_BODY = YES;
				CLANG_WARN_ENUM_CONVERSION = YES;
				CLANG_WARN_INFINITE_RECURSION = YES;
				CLANG_WARN_INT_CONVERSION = YES;
				CLANG_WARN_NON_LITERAL_NULL_CONVERSION = YES;
				CLANG_WARN_OBJC_IMPLICIT_RETAIN_SELF = YES;
				CLANG_WARN_OBJC_LITERAL_CONVERSION = YES;
				CLANG_WARN_OBJC_ROOT_CLASS = YES_ERROR;
				CLANG_WARN_RANGE_LOOP_ANALYSIS = YES;
				CLANG_WARN_STRICT_PROTOTYPES = YES;
				CLANG_WARN_SUSPICIOUS_MOVE = YES;
				CLANG_WARN_UNGUARDED_AVAILABILITY = YES_AGGRESSIVE;
				CLANG_WARN_UNREACHABLE_CODE = YES;
				CLANG_WARN__DUPLICATE_METHOD_MATCH = YES;
				COPY_PHASE_STRIP = NO;
				DEBUG_INFORMATION_FORMAT = "dwarf-with-dsym";
				ENABLE_NS_ASSERTIONS = NO;
				ENABLE_STRICT_OBJC_MSGSEND = YES;
				GCC_C_LANGUAGE_STANDARD = gnu11;
				GCC_NO_COMMON_BLOCKS = YES;
				GCC_WARN_64_TO_32_BIT_CONVERSION = YES;
				GCC_WARN_ABOUT_RETURN_TYPE = YES_ERROR;
				GCC_WARN_UNDECLARED_SELECTOR = YES;
				GCC_WARN_UNINITIALIZED_AUTOS = YES_AGGRESSIVE;
				GCC_WARN_UNUSED_FUNCTION = YES;
				GCC_WARN_UNUSED_VARIABLE = YES;
				IPHONEOS_DEPLOYMENT_TARGET = 13.2;
				MTL_ENABLE_DEBUG_INFO = NO;
				MTL_FAST_MATH = YES;
				SDKROOT = iphoneos;
				VALIDATE_PRODUCT = YES;
			};
			name = Release;
		};
		18B597C925A96AEE00B1FF52 /* Debug */ = {
			isa = XCBuildConfiguration;
			buildSettings = {
				ASSETCATALOG_COMPILER_APPICON_NAME = AppIcon;
				CODE_SIGN_STYLE = Automatic;
				INFOPLIST_FILE = MainProject/Info.plist;
				IPHONEOS_DEPLOYMENT_TARGET = 9.0;
				LD_RUNPATH_SEARCH_PATHS = (
					"$(inherited)",
					"@executable_path/Frameworks",
				);
				PRODUCT_BUNDLE_IDENTIFIER = com.mdh.MainProject;
				PRODUCT_NAME = "$(TARGET_NAME)";
				TARGETED_DEVICE_FAMILY = "1,2";
			};
			name = Debug;
		};
		18B597CA25A96AEE00B1FF52 /* Release */ = {
			isa = XCBuildConfiguration;
			buildSettings = {
				ASSETCATALOG_COMPILER_APPICON_NAME = AppIcon;
				CODE_SIGN_STYLE = Automatic;
				INFOPLIST_FILE = MainProject/Info.plist;
				IPHONEOS_DEPLOYMENT_TARGET = 9.0;
				LD_RUNPATH_SEARCH_PATHS = (
					"$(inherited)",
					"@executable_path/Frameworks",
				);
				PRODUCT_BUNDLE_IDENTIFIER = com.mdh.MainProject;
				PRODUCT_NAME = "$(TARGET_NAME)";
				TARGETED_DEVICE_FAMILY = "1,2";
			};
			name = Release;
		};
/* End XCBuildConfiguration section */

/* Begin XCConfigurationList section */
		18B597AA25A96AEB00B1FF52 /* Build configuration list for PBXProject "MainProject" */ = {
			isa = XCConfigurationList;
			buildConfigurations = (
				18B597C625A96AEE00B1FF52 /* Debug */,
				18B597C725A96AEE00B1FF52 /* Release */,
			);
			defaultConfigurationIsVisible = 0;
			defaultConfigurationName = Release;
		};
		18B597C825A96AEE00B1FF52 /* Build configuration list for PBXNativeTarget "MainProject" */ = {
			isa = XCConfigurationList;
			buildConfigurations = (
				18B597C925A96AEE00B1FF52 /* Debug */,
				18B597CA25A96AEE00B1FF52 /* Release */,
			);
			defaultConfigurationIsVisible = 0;
			defaultConfigurationName = Release;
		};
/* End XCConfigurationList section */
	};
	rootObject = 18B597A725A96AEB00B1FF52 /* Project object */;
}
